// !$*UTF8*$!
{
	archiveVersion = 1;
	classes = {
	};
	objectVersion = 50;
	objects = {

/* Begin PBXBuildFile section */
		046E964F219C6D2C004F5554 /* AppDelegate.swift in Sources */ = {isa = PBXBuildFile; fileRef = 046E964E219C6D2C004F5554 /* AppDelegate.swift */; };
		046E9651219C6D2C004F5554 /* ViewController.swift in Sources */ = {isa = PBXBuildFile; fileRef = 046E9650219C6D2C004F5554 /* ViewController.swift */; };
		046E9654219C6D2C004F5554 /* Main.storyboard in Resources */ = {isa = PBXBuildFile; fileRef = 046E9652219C6D2C004F5554 /* Main.storyboard */; };
		046E9656219C6D2D004F5554 /* Assets.xcassets in Resources */ = {isa = PBXBuildFile; fileRef = 046E9655219C6D2D004F5554 /* Assets.xcassets */; };
		046E9659219C6D2D004F5554 /* LaunchScreen.storyboard in Resources */ = {isa = PBXBuildFile; fileRef = 046E9657219C6D2D004F5554 /* LaunchScreen.storyboard */; };
		046E9664219C6D2E004F5554 /* DependencyTestTests.swift in Sources */ = {isa = PBXBuildFile; fileRef = 046E9663219C6D2E004F5554 /* DependencyTestTests.swift */; };
		046E966F219C6D2E004F5554 /* DependencyTestUITests.swift in Sources */ = {isa = PBXBuildFile; fileRef = 046E966E219C6D2E004F5554 /* DependencyTestUITests.swift */; };
		046E967E219C6D4C004F5554 /* ViewController.swift in Sources */ = {isa = PBXBuildFile; fileRef = 046E9650219C6D2C004F5554 /* ViewController.swift */; };
		046E967F219C6D4C004F5554 /* AppDelegate.swift in Sources */ = {isa = PBXBuildFile; fileRef = 046E964E219C6D2C004F5554 /* AppDelegate.swift */; };
		046E9682219C6D4C004F5554 /* LaunchScreen.storyboard in Resources */ = {isa = PBXBuildFile; fileRef = 046E9657219C6D2D004F5554 /* LaunchScreen.storyboard */; };
		046E9683219C6D4C004F5554 /* Assets.xcassets in Resources */ = {isa = PBXBuildFile; fileRef = 046E9655219C6D2D004F5554 /* Assets.xcassets */; };
		046E9684219C6D4C004F5554 /* Main.storyboard in Resources */ = {isa = PBXBuildFile; fileRef = 046E9652219C6D2C004F5554 /* Main.storyboard */; };
		046E968B219C6DEB004F5554 /* PhotoRepository.swift in Sources */ = {isa = PBXBuildFile; fileRef = 046E968A219C6DEB004F5554 /* PhotoRepository.swift */; };
		046E968C219C6DEB004F5554 /* PhotoRepository.swift in Sources */ = {isa = PBXBuildFile; fileRef = 046E968A219C6DEB004F5554 /* PhotoRepository.swift */; };
		046E968F219C6E98004F5554 /* PhotoRepositoryImpl.swift in Sources */ = {isa = PBXBuildFile; fileRef = 046E968E219C6E98004F5554 /* PhotoRepositoryImpl.swift */; };
		046E9690219C6E98004F5554 /* PhotoRepositoryImpl.swift in Sources */ = {isa = PBXBuildFile; fileRef = 046E968E219C6E98004F5554 /* PhotoRepositoryImpl.swift */; };
		046E9692219C705D004F5554 /* RepositoryModule.swift in Sources */ = {isa = PBXBuildFile; fileRef = 046E9691219C705D004F5554 /* RepositoryModule.swift */; };
		046E9693219C705D004F5554 /* RepositoryModule.swift in Sources */ = {isa = PBXBuildFile; fileRef = 046E9691219C705D004F5554 /* RepositoryModule.swift */; };
		046E9695219C706C004F5554 /* DependencyGraph.swift in Sources */ = {isa = PBXBuildFile; fileRef = 046E9694219C706C004F5554 /* DependencyGraph.swift */; };
		046E9696219C706C004F5554 /* DependencyGraph.swift in Sources */ = {isa = PBXBuildFile; fileRef = 046E9694219C706C004F5554 /* DependencyGraph.swift */; };
		046E9699219C7218004F5554 /* Api.swift in Sources */ = {isa = PBXBuildFile; fileRef = 046E9698219C7218004F5554 /* Api.swift */; };
		046E969A219C7218004F5554 /* Api.swift in Sources */ = {isa = PBXBuildFile; fileRef = 046E9698219C7218004F5554 /* Api.swift */; };
		046E969C219C7259004F5554 /* ReleaseApi.swift in Sources */ = {isa = PBXBuildFile; fileRef = 046E969B219C7259004F5554 /* ReleaseApi.swift */; };
		046E969D219C725C004F5554 /* ReleaseApi.swift in Sources */ = {isa = PBXBuildFile; fileRef = 046E969B219C7259004F5554 /* ReleaseApi.swift */; };
		046E969F219C7319004F5554 /* DebugApiModule.swift in Sources */ = {isa = PBXBuildFile; fileRef = 046E969E219C7319004F5554 /* DebugApiModule.swift */; };
		046E96A1219C7348004F5554 /* DebugApi.swift in Sources */ = {isa = PBXBuildFile; fileRef = 046E96A0219C7348004F5554 /* DebugApi.swift */; };
		046E96A3219C7392004F5554 /* ReleaseApiModule.swift in Sources */ = {isa = PBXBuildFile; fileRef = 046E96A2219C7392004F5554 /* ReleaseApiModule.swift */; };
		046E96A5219C7480004F5554 /* MyViewModel.swift in Sources */ = {isa = PBXBuildFile; fileRef = 046E96A4219C7480004F5554 /* MyViewModel.swift */; };
		046E96A6219C7480004F5554 /* MyViewModel.swift in Sources */ = {isa = PBXBuildFile; fileRef = 046E96A4219C7480004F5554 /* MyViewModel.swift */; };
		046E96A8219C77B1004F5554 /* MyViewModelTests.swift in Sources */ = {isa = PBXBuildFile; fileRef = 046E96A7219C77B1004F5554 /* MyViewModelTests.swift */; };
		046E96A9219C79EA004F5554 /* PhotoRepository.swift in Sources */ = {isa = PBXBuildFile; fileRef = 046E968A219C6DEB004F5554 /* PhotoRepository.swift */; };
		046E96AA219C79EE004F5554 /* MyViewModel.swift in Sources */ = {isa = PBXBuildFile; fileRef = 046E96A4219C7480004F5554 /* MyViewModel.swift */; };
		046E96AD219C79F7004F5554 /* PhotoRepository.swift in Sources */ = {isa = PBXBuildFile; fileRef = 046E968A219C6DEB004F5554 /* PhotoRepository.swift */; };
		046E96AE219C79FA004F5554 /* PhotoRepositoryImpl.swift in Sources */ = {isa = PBXBuildFile; fileRef = 046E968E219C6E98004F5554 /* PhotoRepositoryImpl.swift */; };
		046E96AF219C79FB004F5554 /* PhotoRepositoryImpl.swift in Sources */ = {isa = PBXBuildFile; fileRef = 046E968E219C6E98004F5554 /* PhotoRepositoryImpl.swift */; };
		046E96B0219C79FD004F5554 /* MyViewModel.swift in Sources */ = {isa = PBXBuildFile; fileRef = 046E96A4219C7480004F5554 /* MyViewModel.swift */; };
		046E96B3219C7A8A004F5554 /* DependencyGraph.swift in Sources */ = {isa = PBXBuildFile; fileRef = 046E9694219C706C004F5554 /* DependencyGraph.swift */; };
		046E96B4219C7A8A004F5554 /* DependencyGraph.swift in Sources */ = {isa = PBXBuildFile; fileRef = 046E9694219C706C004F5554 /* DependencyGraph.swift */; };
		046E96B5219C7A9F004F5554 /* Api.swift in Sources */ = {isa = PBXBuildFile; fileRef = 046E9698219C7218004F5554 /* Api.swift */; };
		046E96B6219C7A9F004F5554 /* ReleaseApi.swift in Sources */ = {isa = PBXBuildFile; fileRef = 046E969B219C7259004F5554 /* ReleaseApi.swift */; };
		046E96B7219C7A9F004F5554 /* DebugApi.swift in Sources */ = {isa = PBXBuildFile; fileRef = 046E96A0219C7348004F5554 /* DebugApi.swift */; };
		046E96BA219C7A9F004F5554 /* Api.swift in Sources */ = {isa = PBXBuildFile; fileRef = 046E9698219C7218004F5554 /* Api.swift */; };
		046E96BB219C7A9F004F5554 /* ReleaseApi.swift in Sources */ = {isa = PBXBuildFile; fileRef = 046E969B219C7259004F5554 /* ReleaseApi.swift */; };
		046E96BC219C7A9F004F5554 /* DebugApi.swift in Sources */ = {isa = PBXBuildFile; fileRef = 046E96A0219C7348004F5554 /* DebugApi.swift */; };
		046E96C4219C7AF3004F5554 /* AppModule.swift in Sources */ = {isa = PBXBuildFile; fileRef = 046E96C3219C7AF3004F5554 /* AppModule.swift */; };
		046E96C5219C7AF3004F5554 /* AppModule.swift in Sources */ = {isa = PBXBuildFile; fileRef = 046E96C3219C7AF3004F5554 /* AppModule.swift */; };
		046E96C9219C7E6A004F5554 /* ViewControllerTests.swift in Sources */ = {isa = PBXBuildFile; fileRef = 046E96C8219C7E6A004F5554 /* ViewControllerTests.swift */; };
		046E96CA219C7F2F004F5554 /* ViewController.swift in Sources */ = {isa = PBXBuildFile; fileRef = 046E9650219C6D2C004F5554 /* ViewController.swift */; };
		046E96CB219C84E6004F5554 /* AppModule.swift in Sources */ = {isa = PBXBuildFile; fileRef = 046E96C3219C7AF3004F5554 /* AppModule.swift */; };
		046E96CC219C8502004F5554 /* RepositoryModule.swift in Sources */ = {isa = PBXBuildFile; fileRef = 046E9691219C705D004F5554 /* RepositoryModule.swift */; };
		046E96CD219C8507004F5554 /* DebugApiModule.swift in Sources */ = {isa = PBXBuildFile; fileRef = 046E969E219C7319004F5554 /* DebugApiModule.swift */; };
/* End PBXBuildFile section */

/* Begin PBXContainerItemProxy section */
		046E9660219C6D2E004F5554 /* PBXContainerItemProxy */ = {
			isa = PBXContainerItemProxy;
			containerPortal = 046E9643219C6D2B004F5554 /* Project object */;
			proxyType = 1;
			remoteGlobalIDString = 046E964A219C6D2C004F5554;
			remoteInfo = DependencyTest;
		};
		046E966B219C6D2E004F5554 /* PBXContainerItemProxy */ = {
			isa = PBXContainerItemProxy;
			containerPortal = 046E9643219C6D2B004F5554 /* Project object */;
			proxyType = 1;
			remoteGlobalIDString = 046E964A219C6D2C004F5554;
			remoteInfo = DependencyTest;
		};
		046E96B1219C7A56004F5554 /* PBXContainerItemProxy */ = {
			isa = PBXContainerItemProxy;
			containerPortal = 046E9643219C6D2B004F5554 /* Project object */;
			proxyType = 1;
			remoteGlobalIDString = 046E967C219C6D4C004F5554;
			remoteInfo = "DependencyTest Debug";
		};
/* End PBXContainerItemProxy section */

/* Begin PBXFileReference section */
		046E964B219C6D2C004F5554 /* DependencyTest Release.app */ = {isa = PBXFileReference; explicitFileType = wrapper.application; includeInIndex = 0; path = "DependencyTest Release.app"; sourceTree = BUILT_PRODUCTS_DIR; };
		046E964E219C6D2C004F5554 /* AppDelegate.swift */ = {isa = PBXFileReference; lastKnownFileType = sourcecode.swift; path = AppDelegate.swift; sourceTree = "<group>"; };
		046E9650219C6D2C004F5554 /* ViewController.swift */ = {isa = PBXFileReference; lastKnownFileType = sourcecode.swift; path = ViewController.swift; sourceTree = "<group>"; };
		046E9653219C6D2C004F5554 /* Base */ = {isa = PBXFileReference; lastKnownFileType = file.storyboard; name = Base; path = Base.lproj/Main.storyboard; sourceTree = "<group>"; };
		046E9655219C6D2D004F5554 /* Assets.xcassets */ = {isa = PBXFileReference; lastKnownFileType = folder.assetcatalog; path = Assets.xcassets; sourceTree = "<group>"; };
		046E9658219C6D2D004F5554 /* Base */ = {isa = PBXFileReference; lastKnownFileType = file.storyboard; name = Base; path = Base.lproj/LaunchScreen.storyboard; sourceTree = "<group>"; };
		046E965A219C6D2D004F5554 /* Info.plist */ = {isa = PBXFileReference; lastKnownFileType = text.plist.xml; path = Info.plist; sourceTree = "<group>"; };
		046E965F219C6D2E004F5554 /* DependencyTestTests.xctest */ = {isa = PBXFileReference; explicitFileType = wrapper.cfbundle; includeInIndex = 0; path = DependencyTestTests.xctest; sourceTree = BUILT_PRODUCTS_DIR; };
		046E9663219C6D2E004F5554 /* DependencyTestTests.swift */ = {isa = PBXFileReference; lastKnownFileType = sourcecode.swift; path = DependencyTestTests.swift; sourceTree = "<group>"; };
		046E9665219C6D2E004F5554 /* Info.plist */ = {isa = PBXFileReference; lastKnownFileType = text.plist.xml; path = Info.plist; sourceTree = "<group>"; };
		046E966A219C6D2E004F5554 /* DependencyTestUITests.xctest */ = {isa = PBXFileReference; explicitFileType = wrapper.cfbundle; includeInIndex = 0; path = DependencyTestUITests.xctest; sourceTree = BUILT_PRODUCTS_DIR; };
		046E966E219C6D2E004F5554 /* DependencyTestUITests.swift */ = {isa = PBXFileReference; lastKnownFileType = sourcecode.swift; path = DependencyTestUITests.swift; sourceTree = "<group>"; };
		046E9670219C6D2E004F5554 /* Info.plist */ = {isa = PBXFileReference; lastKnownFileType = text.plist.xml; path = Info.plist; sourceTree = "<group>"; };
		046E9688219C6D4C004F5554 /* DependencyTest Debug.app */ = {isa = PBXFileReference; explicitFileType = wrapper.application; includeInIndex = 0; path = "DependencyTest Debug.app"; sourceTree = BUILT_PRODUCTS_DIR; };
		046E9689219C6D4C004F5554 /* DependencyTest copy-Info.plist */ = {isa = PBXFileReference; lastKnownFileType = text.plist.xml; name = "DependencyTest copy-Info.plist"; path = "/Users/rharter/Desktop/DependencyTest/DependencyTest/DependencyTest copy-Info.plist"; sourceTree = "<absolute>"; };
		046E968A219C6DEB004F5554 /* PhotoRepository.swift */ = {isa = PBXFileReference; lastKnownFileType = sourcecode.swift; path = PhotoRepository.swift; sourceTree = "<group>"; };
		046E968E219C6E98004F5554 /* PhotoRepositoryImpl.swift */ = {isa = PBXFileReference; lastKnownFileType = sourcecode.swift; path = PhotoRepositoryImpl.swift; sourceTree = "<group>"; };
		046E9691219C705D004F5554 /* RepositoryModule.swift */ = {isa = PBXFileReference; lastKnownFileType = sourcecode.swift; path = RepositoryModule.swift; sourceTree = "<group>"; };
		046E9694219C706C004F5554 /* DependencyGraph.swift */ = {isa = PBXFileReference; lastKnownFileType = sourcecode.swift; path = DependencyGraph.swift; sourceTree = "<group>"; };
		046E9698219C7218004F5554 /* Api.swift */ = {isa = PBXFileReference; lastKnownFileType = sourcecode.swift; path = Api.swift; sourceTree = "<group>"; };
		046E969B219C7259004F5554 /* ReleaseApi.swift */ = {isa = PBXFileReference; lastKnownFileType = sourcecode.swift; path = ReleaseApi.swift; sourceTree = "<group>"; };
		046E969E219C7319004F5554 /* DebugApiModule.swift */ = {isa = PBXFileReference; lastKnownFileType = sourcecode.swift; path = DebugApiModule.swift; sourceTree = "<group>"; };
		046E96A0219C7348004F5554 /* DebugApi.swift */ = {isa = PBXFileReference; lastKnownFileType = sourcecode.swift; path = DebugApi.swift; sourceTree = "<group>"; };
		046E96A2219C7392004F5554 /* ReleaseApiModule.swift */ = {isa = PBXFileReference; lastKnownFileType = sourcecode.swift; path = ReleaseApiModule.swift; sourceTree = "<group>"; };
		046E96A4219C7480004F5554 /* MyViewModel.swift */ = {isa = PBXFileReference; lastKnownFileType = sourcecode.swift; path = MyViewModel.swift; sourceTree = "<group>"; };
		046E96A7219C77B1004F5554 /* MyViewModelTests.swift */ = {isa = PBXFileReference; lastKnownFileType = sourcecode.swift; path = MyViewModelTests.swift; sourceTree = "<group>"; };
		046E96C3219C7AF3004F5554 /* AppModule.swift */ = {isa = PBXFileReference; lastKnownFileType = sourcecode.swift; path = AppModule.swift; sourceTree = "<group>"; };
		046E96C8219C7E6A004F5554 /* ViewControllerTests.swift */ = {isa = PBXFileReference; lastKnownFileType = sourcecode.swift; path = ViewControllerTests.swift; sourceTree = "<group>"; };
		046E96CE219C859E004F5554 /* README.md */ = {isa = PBXFileReference; lastKnownFileType = net.daringfireball.markdown; path = README.md; sourceTree = "<group>"; };
/* End PBXFileReference section */

/* Begin PBXFrameworksBuildPhase section */
		046E9648219C6D2C004F5554 /* Frameworks */ = {
			isa = PBXFrameworksBuildPhase;
			buildActionMask = 2147483647;
			files = (
			);
			runOnlyForDeploymentPostprocessing = 0;
		};
		046E965C219C6D2E004F5554 /* Frameworks */ = {
			isa = PBXFrameworksBuildPhase;
			buildActionMask = 2147483647;
			files = (
			);
			runOnlyForDeploymentPostprocessing = 0;
		};
		046E9667219C6D2E004F5554 /* Frameworks */ = {
			isa = PBXFrameworksBuildPhase;
			buildActionMask = 2147483647;
			files = (
			);
			runOnlyForDeploymentPostprocessing = 0;
		};
		046E9680219C6D4C004F5554 /* Frameworks */ = {
			isa = PBXFrameworksBuildPhase;
			buildActionMask = 2147483647;
			files = (
			);
			runOnlyForDeploymentPostprocessing = 0;
		};
/* End PBXFrameworksBuildPhase section */

/* Begin PBXGroup section */
		046E9642219C6D2B004F5554 = {
			isa = PBXGroup;
			children = (
				046E96CE219C859E004F5554 /* README.md */,
				046E964D219C6D2C004F5554 /* DependencyTest */,
				046E9662219C6D2E004F5554 /* DependencyTestTests */,
				046E966D219C6D2E004F5554 /* DependencyTestUITests */,
				046E964C219C6D2C004F5554 /* Products */,
				046E9689219C6D4C004F5554 /* DependencyTest copy-Info.plist */,
			);
			sourceTree = "<group>";
		};
		046E964C219C6D2C004F5554 /* Products */ = {
			isa = PBXGroup;
			children = (
				046E964B219C6D2C004F5554 /* DependencyTest Release.app */,
				046E965F219C6D2E004F5554 /* DependencyTestTests.xctest */,
				046E966A219C6D2E004F5554 /* DependencyTestUITests.xctest */,
				046E9688219C6D4C004F5554 /* DependencyTest Debug.app */,
			);
			name = Products;
			sourceTree = "<group>";
		};
		046E964D219C6D2C004F5554 /* DependencyTest */ = {
			isa = PBXGroup;
			children = (
				046E9697219C720E004F5554 /* Api */,
				046E968D219C6DF2004F5554 /* Repositories */,
				046E964E219C6D2C004F5554 /* AppDelegate.swift */,
				046E9650219C6D2C004F5554 /* ViewController.swift */,
				046E96A4219C7480004F5554 /* MyViewModel.swift */,
				046E9652219C6D2C004F5554 /* Main.storyboard */,
				046E9655219C6D2D004F5554 /* Assets.xcassets */,
				046E9657219C6D2D004F5554 /* LaunchScreen.storyboard */,
				046E965A219C6D2D004F5554 /* Info.plist */,
				046E9694219C706C004F5554 /* DependencyGraph.swift */,
				046E96C3219C7AF3004F5554 /* AppModule.swift */,
			);
			path = DependencyTest;
			sourceTree = "<group>";
		};
		046E9662219C6D2E004F5554 /* DependencyTestTests */ = {
			isa = PBXGroup;
			children = (
				046E9663219C6D2E004F5554 /* DependencyTestTests.swift */,
				046E96A7219C77B1004F5554 /* MyViewModelTests.swift */,
				046E9665219C6D2E004F5554 /* Info.plist */,
			);
			path = DependencyTestTests;
			sourceTree = "<group>";
		};
		046E966D219C6D2E004F5554 /* DependencyTestUITests */ = {
			isa = PBXGroup;
			children = (
				046E966E219C6D2E004F5554 /* DependencyTestUITests.swift */,
				046E96C8219C7E6A004F5554 /* ViewControllerTests.swift */,
				046E9670219C6D2E004F5554 /* Info.plist */,
			);
			path = DependencyTestUITests;
			sourceTree = "<group>";
		};
		046E968D219C6DF2004F5554 /* Repositories */ = {
			isa = PBXGroup;
			children = (
				046E968A219C6DEB004F5554 /* PhotoRepository.swift */,
				046E968E219C6E98004F5554 /* PhotoRepositoryImpl.swift */,
				046E9691219C705D004F5554 /* RepositoryModule.swift */,
			);
			path = Repositories;
			sourceTree = "<group>";
		};
		046E9697219C720E004F5554 /* Api */ = {
			isa = PBXGroup;
			children = (
				046E9698219C7218004F5554 /* Api.swift */,
				046E969B219C7259004F5554 /* ReleaseApi.swift */,
				046E96A0219C7348004F5554 /* DebugApi.swift */,
				046E969E219C7319004F5554 /* DebugApiModule.swift */,
				046E96A2219C7392004F5554 /* ReleaseApiModule.swift */,
			);
			path = Api;
			sourceTree = "<group>";
		};
/* End PBXGroup section */

/* Begin PBXNativeTarget section */
		046E964A219C6D2C004F5554 /* DependencyTest Release */ = {
			isa = PBXNativeTarget;
			buildConfigurationList = 046E9673219C6D2E004F5554 /* Build configuration list for PBXNativeTarget "DependencyTest Release" */;
			buildPhases = (
				046E9647219C6D2C004F5554 /* Sources */,
				046E9648219C6D2C004F5554 /* Frameworks */,
				046E9649219C6D2C004F5554 /* Resources */,
			);
			buildRules = (
			);
			dependencies = (
			);
			name = "DependencyTest Release";
			productName = DependencyTest;
			productReference = 046E964B219C6D2C004F5554 /* DependencyTest Release.app */;
			productType = "com.apple.product-type.application";
		};
		046E965E219C6D2E004F5554 /* DependencyTestTests */ = {
			isa = PBXNativeTarget;
			buildConfigurationList = 046E9676219C6D2E004F5554 /* Build configuration list for PBXNativeTarget "DependencyTestTests" */;
			buildPhases = (
				046E965B219C6D2E004F5554 /* Sources */,
				046E965C219C6D2E004F5554 /* Frameworks */,
				046E965D219C6D2E004F5554 /* Resources */,
			);
			buildRules = (
			);
			dependencies = (
				046E9661219C6D2E004F5554 /* PBXTargetDependency */,
				046E96B2219C7A56004F5554 /* PBXTargetDependency */,
			);
			name = DependencyTestTests;
			productName = DependencyTestTests;
			productReference = 046E965F219C6D2E004F5554 /* DependencyTestTests.xctest */;
			productType = "com.apple.product-type.bundle.unit-test";
		};
		046E9669219C6D2E004F5554 /* DependencyTestUITests */ = {
			isa = PBXNativeTarget;
			buildConfigurationList = 046E9679219C6D2E004F5554 /* Build configuration list for PBXNativeTarget "DependencyTestUITests" */;
			buildPhases = (
				046E9666219C6D2E004F5554 /* Sources */,
				046E9667219C6D2E004F5554 /* Frameworks */,
				046E9668219C6D2E004F5554 /* Resources */,
			);
			buildRules = (
			);
			dependencies = (
				046E966C219C6D2E004F5554 /* PBXTargetDependency */,
			);
			name = DependencyTestUITests;
			productName = DependencyTestUITests;
			productReference = 046E966A219C6D2E004F5554 /* DependencyTestUITests.xctest */;
			productType = "com.apple.product-type.bundle.ui-testing";
		};
		046E967C219C6D4C004F5554 /* DependencyTest Debug */ = {
			isa = PBXNativeTarget;
			buildConfigurationList = 046E9685219C6D4C004F5554 /* Build configuration list for PBXNativeTarget "DependencyTest Debug" */;
			buildPhases = (
				046E967D219C6D4C004F5554 /* Sources */,
				046E9680219C6D4C004F5554 /* Frameworks */,
				046E9681219C6D4C004F5554 /* Resources */,
			);
			buildRules = (
			);
			dependencies = (
			);
			name = "DependencyTest Debug";
			productName = DependencyTest;
			productReference = 046E9688219C6D4C004F5554 /* DependencyTest Debug.app */;
			productType = "com.apple.product-type.application";
		};
/* End PBXNativeTarget section */

/* Begin PBXProject section */
		046E9643219C6D2B004F5554 /* Project object */ = {
			isa = PBXProject;
			attributes = {
				LastSwiftUpdateCheck = 1010;
				LastUpgradeCheck = 1010;
				ORGANIZATIONNAME = "Analog Ocean";
				TargetAttributes = {
					046E964A219C6D2C004F5554 = {
						CreatedOnToolsVersion = 10.1;
					};
					046E965E219C6D2E004F5554 = {
						CreatedOnToolsVersion = 10.1;
						TestTargetID = 046E967C219C6D4C004F5554;
					};
					046E9669219C6D2E004F5554 = {
						CreatedOnToolsVersion = 10.1;
						TestTargetID = 046E964A219C6D2C004F5554;
					};
				};
			};
			buildConfigurationList = 046E9646219C6D2B004F5554 /* Build configuration list for PBXProject "DependencyTest" */;
			compatibilityVersion = "Xcode 9.3";
			developmentRegion = en;
			hasScannedForEncodings = 0;
			knownRegions = (
				en,
				Base,
			);
			mainGroup = 046E9642219C6D2B004F5554;
			productRefGroup = 046E964C219C6D2C004F5554 /* Products */;
			projectDirPath = "";
			projectRoot = "";
			targets = (
				046E967C219C6D4C004F5554 /* DependencyTest Debug */,
				046E964A219C6D2C004F5554 /* DependencyTest Release */,
				046E965E219C6D2E004F5554 /* DependencyTestTests */,
				046E9669219C6D2E004F5554 /* DependencyTestUITests */,
			);
		};
/* End PBXProject section */

/* Begin PBXResourcesBuildPhase section */
		046E9649219C6D2C004F5554 /* Resources */ = {
			isa = PBXResourcesBuildPhase;
			buildActionMask = 2147483647;
			files = (
				046E9659219C6D2D004F5554 /* LaunchScreen.storyboard in Resources */,
				046E9656219C6D2D004F5554 /* Assets.xcassets in Resources */,
				046E9654219C6D2C004F5554 /* Main.storyboard in Resources */,
			);
			runOnlyForDeploymentPostprocessing = 0;
		};
		046E965D219C6D2E004F5554 /* Resources */ = {
			isa = PBXResourcesBuildPhase;
			buildActionMask = 2147483647;
			files = (
			);
			runOnlyForDeploymentPostprocessing = 0;
		};
		046E9668219C6D2E004F5554 /* Resources */ = {
			isa = PBXResourcesBuildPhase;
			buildActionMask = 2147483647;
			files = (
			);
			runOnlyForDeploymentPostprocessing = 0;
		};
		046E9681219C6D4C004F5554 /* Resources */ = {
			isa = PBXResourcesBuildPhase;
			buildActionMask = 2147483647;
			files = (
				046E9682219C6D4C004F5554 /* LaunchScreen.storyboard in Resources */,
				046E9683219C6D4C004F5554 /* Assets.xcassets in Resources */,
				046E9684219C6D4C004F5554 /* Main.storyboard in Resources */,
			);
			runOnlyForDeploymentPostprocessing = 0;
		};
/* End PBXResourcesBuildPhase section */

/* Begin PBXSourcesBuildPhase section */
		046E9647219C6D2C004F5554 /* Sources */ = {
			isa = PBXSourcesBuildPhase;
			buildActionMask = 2147483647;
			files = (
				046E96C5219C7AF3004F5554 /* AppModule.swift in Sources */,
				046E9690219C6E98004F5554 /* PhotoRepositoryImpl.swift in Sources */,
				046E9693219C705D004F5554 /* RepositoryModule.swift in Sources */,
				046E9651219C6D2C004F5554 /* ViewController.swift in Sources */,
				046E9696219C706C004F5554 /* DependencyGraph.swift in Sources */,
				046E96A6219C7480004F5554 /* MyViewModel.swift in Sources */,
				046E96A3219C7392004F5554 /* ReleaseApiModule.swift in Sources */,
				046E968C219C6DEB004F5554 /* PhotoRepository.swift in Sources */,
				046E969A219C7218004F5554 /* Api.swift in Sources */,
				046E969C219C7259004F5554 /* ReleaseApi.swift in Sources */,
				046E964F219C6D2C004F5554 /* AppDelegate.swift in Sources */,
			);
			runOnlyForDeploymentPostprocessing = 0;
		};
		046E965B219C6D2E004F5554 /* Sources */ = {
			isa = PBXSourcesBuildPhase;
			buildActionMask = 2147483647;
			files = (
				046E96AE219C79FA004F5554 /* PhotoRepositoryImpl.swift in Sources */,
				046E96B6219C7A9F004F5554 /* ReleaseApi.swift in Sources */,
				046E96B3219C7A8A004F5554 /* DependencyGraph.swift in Sources */,
				046E96A8219C77B1004F5554 /* MyViewModelTests.swift in Sources */,
				046E96A9219C79EA004F5554 /* PhotoRepository.swift in Sources */,
				046E96B7219C7A9F004F5554 /* DebugApi.swift in Sources */,
				046E96AA219C79EE004F5554 /* MyViewModel.swift in Sources */,
				046E96B5219C7A9F004F5554 /* Api.swift in Sources */,
				046E9664219C6D2E004F5554 /* DependencyTestTests.swift in Sources */,
			);
			runOnlyForDeploymentPostprocessing = 0;
		};
		046E9666219C6D2E004F5554 /* Sources */ = {
			isa = PBXSourcesBuildPhase;
			buildActionMask = 2147483647;
			files = (
				046E96CB219C84E6004F5554 /* AppModule.swift in Sources */,
				046E96CA219C7F2F004F5554 /* ViewController.swift in Sources */,
				046E96AF219C79FB004F5554 /* PhotoRepositoryImpl.swift in Sources */,
				046E96CC219C8502004F5554 /* RepositoryModule.swift in Sources */,
				046E96BC219C7A9F004F5554 /* DebugApi.swift in Sources */,
				046E96AD219C79F7004F5554 /* PhotoRepository.swift in Sources */,
				046E96C9219C7E6A004F5554 /* ViewControllerTests.swift in Sources */,
				046E96B4219C7A8A004F5554 /* DependencyGraph.swift in Sources */,
				046E966F219C6D2E004F5554 /* DependencyTestUITests.swift in Sources */,
				046E96BA219C7A9F004F5554 /* Api.swift in Sources */,
				046E96BB219C7A9F004F5554 /* ReleaseApi.swift in Sources */,
				046E96B0219C79FD004F5554 /* MyViewModel.swift in Sources */,
				046E96CD219C8507004F5554 /* DebugApiModule.swift in Sources */,
			);
			runOnlyForDeploymentPostprocessing = 0;
		};
		046E967D219C6D4C004F5554 /* Sources */ = {
			isa = PBXSourcesBuildPhase;
			buildActionMask = 2147483647;
			files = (
				046E968F219C6E98004F5554 /* PhotoRepositoryImpl.swift in Sources */,
				046E9692219C705D004F5554 /* RepositoryModule.swift in Sources */,
				046E967E219C6D4C004F5554 /* ViewController.swift in Sources */,
				046E9695219C706C004F5554 /* DependencyGraph.swift in Sources */,
				046E968B219C6DEB004F5554 /* PhotoRepository.swift in Sources */,
				046E96C4219C7AF3004F5554 /* AppModule.swift in Sources */,
				046E969F219C7319004F5554 /* DebugApiModule.swift in Sources */,
				046E96A1219C7348004F5554 /* DebugApi.swift in Sources */,
				046E9699219C7218004F5554 /* Api.swift in Sources */,
				046E969D219C725C004F5554 /* ReleaseApi.swift in Sources */,
				046E967F219C6D4C004F5554 /* AppDelegate.swift in Sources */,
				046E96A5219C7480004F5554 /* MyViewModel.swift in Sources */,
			);
			runOnlyForDeploymentPostprocessing = 0;
		};
/* End PBXSourcesBuildPhase section */

/* Begin PBXTargetDependency section */
		046E9661219C6D2E004F5554 /* PBXTargetDependency */ = {
			isa = PBXTargetDependency;
			target = 046E964A219C6D2C004F5554 /* DependencyTest Release */;
			targetProxy = 046E9660219C6D2E004F5554 /* PBXContainerItemProxy */;
		};
		046E966C219C6D2E004F5554 /* PBXTargetDependency */ = {
			isa = PBXTargetDependency;
			target = 046E964A219C6D2C004F5554 /* DependencyTest Release */;
			targetProxy = 046E966B219C6D2E004F5554 /* PBXContainerItemProxy */;
		};
		046E96B2219C7A56004F5554 /* PBXTargetDependency */ = {
			isa = PBXTargetDependency;
			target = 046E967C219C6D4C004F5554 /* DependencyTest Debug */;
			targetProxy = 046E96B1219C7A56004F5554 /* PBXContainerItemProxy */;
		};
/* End PBXTargetDependency section */

/* Begin PBXVariantGroup section */
		046E9652219C6D2C004F5554 /* Main.storyboard */ = {
			isa = PBXVariantGroup;
			children = (
				046E9653219C6D2C004F5554 /* Base */,
			);
			name = Main.storyboard;
			sourceTree = "<group>";
		};
		046E9657219C6D2D004F5554 /* LaunchScreen.storyboard */ = {
			isa = PBXVariantGroup;
			children = (
				046E9658219C6D2D004F5554 /* Base */,
			);
			name = LaunchScreen.storyboard;
			sourceTree = "<group>";
		};
/* End PBXVariantGroup section */

/* Begin XCBuildConfiguration section */
		046E9671219C6D2E004F5554 /* Debug */ = {
			isa = XCBuildConfiguration;
			buildSettings = {
				ALWAYS_SEARCH_USER_PATHS = NO;
				CLANG_ANALYZER_NONNULL = YES;
				CLANG_ANALYZER_NUMBER_OBJECT_CONVERSION = YES_AGGRESSIVE;
				CLANG_CXX_LANGUAGE_STANDARD = "gnu++14";
				CLANG_CXX_LIBRARY = "libc++";
				CLANG_ENABLE_MODULES = YES;
				CLANG_ENABLE_OBJC_ARC = YES;
				CLANG_ENABLE_OBJC_WEAK = YES;
				CLANG_WARN_BLOCK_CAPTURE_AUTORELEASING = YES;
				CLANG_WARN_BOOL_CONVERSION = YES;
				CLANG_WARN_COMMA = YES;
				CLANG_WARN_CONSTANT_CONVERSION = YES;
				CLANG_WARN_DEPRECATED_OBJC_IMPLEMENTATIONS = YES;
				CLANG_WARN_DIRECT_OBJC_ISA_USAGE = YES_ERROR;
				CLANG_WARN_DOCUMENTATION_COMMENTS = YES;
				CLANG_WARN_EMPTY_BODY = YES;
				CLANG_WARN_ENUM_CONVERSION = YES;
				CLANG_WARN_INFINITE_RECURSION = YES;
				CLANG_WARN_INT_CONVERSION = YES;
				CLANG_WARN_NON_LITERAL_NULL_CONVERSION = YES;
				CLANG_WARN_OBJC_IMPLICIT_RETAIN_SELF = YES;
				CLANG_WARN_OBJC_LITERAL_CONVERSION = YES;
				CLANG_WARN_OBJC_ROOT_CLASS = YES_ERROR;
				CLANG_WARN_RANGE_LOOP_ANALYSIS = YES;
				CLANG_WARN_STRICT_PROTOTYPES = YES;
				CLANG_WARN_SUSPICIOUS_MOVE = YES;
				CLANG_WARN_UNGUARDED_AVAILABILITY = YES_AGGRESSIVE;
				CLANG_WARN_UNREACHABLE_CODE = YES;
				CLANG_WARN__DUPLICATE_METHOD_MATCH = YES;
				CODE_SIGN_IDENTITY = "iPhone Developer";
				COPY_PHASE_STRIP = NO;
				DEBUG_INFORMATION_FORMAT = dwarf;
				ENABLE_STRICT_OBJC_MSGSEND = YES;
				ENABLE_TESTABILITY = YES;
				GCC_C_LANGUAGE_STANDARD = gnu11;
				GCC_DYNAMIC_NO_PIC = NO;
				GCC_NO_COMMON_BLOCKS = YES;
				GCC_OPTIMIZATION_LEVEL = 0;
				GCC_PREPROCESSOR_DEFINITIONS = (
					"DEBUG=1",
					"$(inherited)",
				);
				GCC_WARN_64_TO_32_BIT_CONVERSION = YES;
				GCC_WARN_ABOUT_RETURN_TYPE = YES_ERROR;
				GCC_WARN_UNDECLARED_SELECTOR = YES;
				GCC_WARN_UNINITIALIZED_AUTOS = YES_AGGRESSIVE;
				GCC_WARN_UNUSED_FUNCTION = YES;
				GCC_WARN_UNUSED_VARIABLE = YES;
				IPHONEOS_DEPLOYMENT_TARGET = 12.1;
				MTL_ENABLE_DEBUG_INFO = INCLUDE_SOURCE;
				MTL_FAST_MATH = YES;
				ONLY_ACTIVE_ARCH = YES;
				SDKROOT = iphoneos;
				SWIFT_ACTIVE_COMPILATION_CONDITIONS = DEBUG;
				SWIFT_OPTIMIZATION_LEVEL = "-Onone";
			};
			name = Debug;
		};
		046E9672219C6D2E004F5554 /* Release */ = {
			isa = XCBuildConfiguration;
			buildSettings = {
				ALWAYS_SEARCH_USER_PATHS = NO;
				CLANG_ANALYZER_NONNULL = YES;
				CLANG_ANALYZER_NUMBER_OBJECT_CONVERSION = YES_AGGRESSIVE;
				CLANG_CXX_LANGUAGE_STANDARD = "gnu++14";
				CLANG_CXX_LIBRARY = "libc++";
				CLANG_ENABLE_MODULES = YES;
				CLANG_ENABLE_OBJC_ARC = YES;
				CLANG_ENABLE_OBJC_WEAK = YES;
				CLANG_WARN_BLOCK_CAPTURE_AUTORELEASING = YES;
				CLANG_WARN_BOOL_CONVERSION = YES;
				CLANG_WARN_COMMA = YES;
				CLANG_WARN_CONSTANT_CONVERSION = YES;
				CLANG_WARN_DEPRECATED_OBJC_IMPLEMENTATIONS = YES;
				CLANG_WARN_DIRECT_OBJC_ISA_USAGE = YES_ERROR;
				CLANG_WARN_DOCUMENTATION_COMMENTS = YES;
				CLANG_WARN_EMPTY_BODY = YES;
				CLANG_WARN_ENUM_CONVERSION = YES;
				CLANG_WARN_INFINITE_RECURSION = YES;
				CLANG_WARN_INT_CONVERSION = YES;
				CLANG_WARN_NON_LITERAL_NULL_CONVERSION = YES;
				CLANG_WARN_OBJC_IMPLICIT_RETAIN_SELF = YES;
				CLANG_WARN_OBJC_LITERAL_CONVERSION = YES;
				CLANG_WARN_OBJC_ROOT_CLASS = YES_ERROR;
				CLANG_WARN_RANGE_LOOP_ANALYSIS = YES;
				CLANG_WARN_STRICT_PROTOTYPES = YES;
				CLANG_WARN_SUSPICIOUS_MOVE = YES;
				CLANG_WARN_UNGUARDED_AVAILABILITY = YES_AGGRESSIVE;
				CLANG_WARN_UNREACHABLE_CODE = YES;
				CLANG_WARN__DUPLICATE_METHOD_MATCH = YES;
				CODE_SIGN_IDENTITY = "iPhone Developer";
				COPY_PHASE_STRIP = NO;
				DEBUG_INFORMATION_FORMAT = "dwarf-with-dsym";
				ENABLE_NS_ASSERTIONS = NO;
				ENABLE_STRICT_OBJC_MSGSEND = YES;
				GCC_C_LANGUAGE_STANDARD = gnu11;
				GCC_NO_COMMON_BLOCKS = YES;
				GCC_WARN_64_TO_32_BIT_CONVERSION = YES;
				GCC_WARN_ABOUT_RETURN_TYPE = YES_ERROR;
				GCC_WARN_UNDECLARED_SELECTOR = YES;
				GCC_WARN_UNINITIALIZED_AUTOS = YES_AGGRESSIVE;
				GCC_WARN_UNUSED_FUNCTION = YES;
				GCC_WARN_UNUSED_VARIABLE = YES;
				IPHONEOS_DEPLOYMENT_TARGET = 12.1;
				MTL_ENABLE_DEBUG_INFO = NO;
				MTL_FAST_MATH = YES;
				SDKROOT = iphoneos;
				SWIFT_COMPILATION_MODE = wholemodule;
				SWIFT_OPTIMIZATION_LEVEL = "-O";
				VALIDATE_PRODUCT = YES;
			};
			name = Release;
		};
		046E9674219C6D2E004F5554 /* Debug */ = {
			isa = XCBuildConfiguration;
			buildSettings = {
				ASSETCATALOG_COMPILER_APPICON_NAME = AppIcon;
				CODE_SIGN_STYLE = Automatic;
				DEVELOPMENT_TEAM = R5T2HYENEJ;
				INFOPLIST_FILE = DependencyTest/Info.plist;
				LD_RUNPATH_SEARCH_PATHS = (
					"$(inherited)",
					"@executable_path/Frameworks",
				);
				PRODUCT_BUNDLE_IDENTIFIER = "com.analog-ocean.DependencyTest";
				PRODUCT_NAME = "$(TARGET_NAME)";
				SWIFT_VERSION = 4.2;
				TARGETED_DEVICE_FAMILY = "1,2";
			};
			name = Debug;
		};
		046E9675219C6D2E004F5554 /* Release */ = {
			isa = XCBuildConfiguration;
			buildSettings = {
				ASSETCATALOG_COMPILER_APPICON_NAME = AppIcon;
				CODE_SIGN_STYLE = Automatic;
				DEVELOPMENT_TEAM = R5T2HYENEJ;
				INFOPLIST_FILE = DependencyTest/Info.plist;
				LD_RUNPATH_SEARCH_PATHS = (
					"$(inherited)",
					"@executable_path/Frameworks",
				);
				PRODUCT_BUNDLE_IDENTIFIER = "com.analog-ocean.DependencyTest";
				PRODUCT_NAME = "$(TARGET_NAME)";
				SWIFT_VERSION = 4.2;
				TARGETED_DEVICE_FAMILY = "1,2";
			};
			name = Release;
		};
		046E9677219C6D2E004F5554 /* Debug */ = {
			isa = XCBuildConfiguration;
			buildSettings = {
				ALWAYS_EMBED_SWIFT_STANDARD_LIBRARIES = YES;
				BUNDLE_LOADER = "$(TEST_HOST)";
				CODE_SIGN_STYLE = Automatic;
				DEVELOPMENT_TEAM = R5T2HYENEJ;
				INFOPLIST_FILE = DependencyTestTests/Info.plist;
				LD_RUNPATH_SEARCH_PATHS = (
					"$(inherited)",
					"@executable_path/Frameworks",
					"@loader_path/Frameworks",
				);
				PRODUCT_BUNDLE_IDENTIFIER = "com.analog-ocean.DependencyTestTests";
				PRODUCT_NAME = "$(TARGET_NAME)";
				SWIFT_VERSION = 4.2;
				TARGETED_DEVICE_FAMILY = "1,2";
				TEST_HOST = "$(BUILT_PRODUCTS_DIR)/DependencyTest Debug.app/DependencyTest Debug";
			};
			name = Debug;
		};
		046E9678219C6D2E004F5554 /* Release */ = {
			isa = XCBuildConfiguration;
			buildSettings = {
				ALWAYS_EMBED_SWIFT_STANDARD_LIBRARIES = YES;
				BUNDLE_LOADER = "$(TEST_HOST)";
				CODE_SIGN_STYLE = Automatic;
				DEVELOPMENT_TEAM = R5T2HYENEJ;
				INFOPLIST_FILE = DependencyTestTests/Info.plist;
				LD_RUNPATH_SEARCH_PATHS = (
					"$(inherited)",
					"@executable_path/Frameworks",
					"@loader_path/Frameworks",
				);
				PRODUCT_BUNDLE_IDENTIFIER = "com.analog-ocean.DependencyTestTests";
				PRODUCT_NAME = "$(TARGET_NAME)";
				SWIFT_VERSION = 4.2;
				TARGETED_DEVICE_FAMILY = "1,2";
				TEST_HOST = "$(BUILT_PRODUCTS_DIR)/DependencyTest Debug.app/DependencyTest Debug";
			};
			name = Release;
		};
		046E967A219C6D2E004F5554 /* Debug */ = {
			isa = XCBuildConfiguration;
			buildSettings = {
				ALWAYS_EMBED_SWIFT_STANDARD_LIBRARIES = YES;
				CODE_SIGN_STYLE = Automatic;
				DEVELOPMENT_TEAM = R5T2HYENEJ;
				INFOPLIST_FILE = DependencyTestUITests/Info.plist;
				LD_RUNPATH_SEARCH_PATHS = (
					"$(inherited)",
					"@executable_path/Frameworks",
					"@loader_path/Frameworks",
				);
				PRODUCT_BUNDLE_IDENTIFIER = "com.analog-ocean.DependencyTestUITests";
				PRODUCT_NAME = "$(TARGET_NAME)";
				SWIFT_VERSION = 4.2;
				TARGETED_DEVICE_FAMILY = "1,2";
				TEST_TARGET_NAME = DependencyTest;
			};
			name = Debug;
		};
		046E967B219C6D2E004F5554 /* Release */ = {
			isa = XCBuildConfiguration;
			buildSettings = {
				ALWAYS_EMBED_SWIFT_STANDARD_LIBRARIES = YES;
				CODE_SIGN_STYLE = Automatic;
				DEVELOPMENT_TEAM = R5T2HYENEJ;
				INFOPLIST_FILE = DependencyTestUITests/Info.plist;
				LD_RUNPATH_SEARCH_PATHS = (
					"$(inherited)",
					"@executable_path/Frameworks",
					"@loader_path/Frameworks",
				);
				PRODUCT_BUNDLE_IDENTIFIER = "com.analog-ocean.DependencyTestUITests";
				PRODUCT_NAME = "$(TARGET_NAME)";
				SWIFT_VERSION = 4.2;
				TARGETED_DEVICE_FAMILY = "1,2";
				TEST_TARGET_NAME = DependencyTest;
			};
			name = Release;
		};
		046E9686219C6D4C004F5554 /* Debug */ = {
			isa = XCBuildConfiguration;
			buildSettings = {
				ASSETCATALOG_COMPILER_APPICON_NAME = AppIcon;
				CODE_SIGN_STYLE = Automatic;
				DEVELOPMENT_TEAM = R5T2HYENEJ;
				INFOPLIST_FILE = "DependencyTest copy-Info.plist";
				LD_RUNPATH_SEARCH_PATHS = (
					"$(inherited)",
					"@executable_path/Frameworks",
				);
				PRODUCT_BUNDLE_IDENTIFIER = "com.analog-ocean.DependencyTest";
				PRODUCT_NAME = "$(TARGET_NAME)";
				SWIFT_VERSION = 4.2;
				TARGETED_DEVICE_FAMILY = "1,2";
			};
			name = Debug;
		};
		046E9687219C6D4C004F5554 /* Release */ = {
			isa = XCBuildConfiguration;
			buildSettings = {
				ASSETCATALOG_COMPILER_APPICON_NAME = AppIcon;
				CODE_SIGN_STYLE = Automatic;
				DEVELOPMENT_TEAM = R5T2HYENEJ;
				INFOPLIST_FILE = "DependencyTest copy-Info.plist";
				LD_RUNPATH_SEARCH_PATHS = (
					"$(inherited)",
					"@executable_path/Frameworks",
				);
				PRODUCT_BUNDLE_IDENTIFIER = "com.analog-ocean.DependencyTest";
				PRODUCT_NAME = "$(TARGET_NAME)";
				SWIFT_VERSION = 4.2;
				TARGETED_DEVICE_FAMILY = "1,2";
			};
			name = Release;
		};
/* End XCBuildConfiguration section */

/* Begin XCConfigurationList section */
		046E9646219C6D2B004F5554 /* Build configuration list for PBXProject "DependencyTest" */ = {
			isa = XCConfigurationList;
			buildConfigurations = (
				046E9671219C6D2E004F5554 /* Debug */,
				046E9672219C6D2E004F5554 /* Release */,
			);
			defaultConfigurationIsVisible = 0;
			defaultConfigurationName = Release;
		};
		046E9673219C6D2E004F5554 /* Build configuration list for PBXNativeTarget "DependencyTest Release" */ = {
			isa = XCConfigurationList;
			buildConfigurations = (
				046E9674219C6D2E004F5554 /* Debug */,
				046E9675219C6D2E004F5554 /* Release */,
			);
			defaultConfigurationIsVisible = 0;
			defaultConfigurationName = Release;
		};
		046E9676219C6D2E004F5554 /* Build configuration list for PBXNativeTarget "DependencyTestTests" */ = {
			isa = XCConfigurationList;
			buildConfigurations = (
				046E9677219C6D2E004F5554 /* Debug */,
				046E9678219C6D2E004F5554 /* Release */,
			);
			defaultConfigurationIsVisible = 0;
			defaultConfigurationName = Release;
		};
		046E9679219C6D2E004F5554 /* Build configuration list for PBXNativeTarget "DependencyTestUITests" */ = {
			isa = XCConfigurationList;
			buildConfigurations = (
				046E967A219C6D2E004F5554 /* Debug */,
				046E967B219C6D2E004F5554 /* Release */,
			);
			defaultConfigurationIsVisible = 0;
			defaultConfigurationName = Release;
		};
		046E9685219C6D4C004F5554 /* Build configuration list for PBXNativeTarget "DependencyTest Debug" */ = {
			isa = XCConfigurationList;
			buildConfigurations = (
				046E9686219C6D4C004F5554 /* Debug */,
				046E9687219C6D4C004F5554 /* Release */,
			);
			defaultConfigurationIsVisible = 0;
			defaultConfigurationName = Release;
		};
/* End XCConfigurationList section */
	};
	rootObject = 046E9643219C6D2B004F5554 /* Project object */;
}
